
Microsoft Visual Studio Solution File, Format Version 12.00
# Visual Studio 15
Project("{FAE04EC0-301F-11D3-BF4B-00C04F79EFBC}") = "Assembly-CSharp", "Assembly-CSharp.csproj", "{572D96E5-2316-3631-961C-1C71139A9FD2}"
EndProject
Project("{FAE04EC0-301F-11D3-BF4B-00C04F79EFBC}") = "PhotonUnityNetworking.Demos", "PhotonUnityNetworking.Demos.csproj", "{333DB763-B76E-9497-48D2-37CBF08D442E}"
EndProject
Project("{FAE04EC0-301F-11D3-BF4B-00C04F79EFBC}") = "PhotonRealtime", "PhotonRealtime.csproj", "{E71120FE-7B14-004C-9088-C28B318856F1}"
EndProject
Project("{FAE04EC0-301F-11D3-BF4B-00C04F79EFBC}") = "PhotonUnityNetworking", "PhotonUnityNetworking.csproj", "{719172CA-6453-F9FB-3922-B46682581E23}"
EndProject
Project("{FAE04EC0-301F-11D3-BF4B-00C04F79EFBC}") = "PhotonUnityNetworking.Utilities", "PhotonUnityNetworking.Utilities.csproj", "{96372D1C-E6FF-7CF2-151D-A60192BA3EEF}"
EndProject
Project("{FAE04EC0-301F-11D3-BF4B-00C04F79EFBC}") = "PhotonChat", "PhotonChat.csproj", "{24DA2922-F974-CCE0-B4C4-CAC57153FF06}"
EndProject
Project("{FAE04EC0-301F-11D3-BF4B-00C04F79EFBC}") = "PhotonUnityNetworking.Editor", "PhotonUnityNetworking.Editor.csproj", "{5A219EBF-803E-BF4B-D8E6-203CCD4986A5}"
EndProject
Project("{FAE04EC0-301F-11D3-BF4B-00C04F79EFBC}") = "PhotonUnityNetworking.Utilities.PhotonPlayer.Editor", "PhotonUnityNetworking.Utilities.PhotonPlayer.Editor.csproj", "{40577977-C144-39AA-4C67-28D443E3132E}"
EndProject
Project("{FAE04EC0-301F-11D3-BF4B-00C04F79EFBC}") = "Assembly-CSharp-Editor", "Assembly-CSharp-Editor.csproj", "{7A93199E-5440-4EB7-1C37-2FD510BB7E70}"
EndProject
Project("{FAE04EC0-301F-11D3-BF4B-00C04F79EFBC}") = "PunDemos.DemoSlotcarEditor", "PunDemos.DemoSlotcarEditor.csproj", "{7CE10BF5-C4BF-6164-F5A0-012728E85BF0}"
EndProject
Project("{FAE04EC0-301F-11D3-BF4B-00C04F79EFBC}") = "PhotonUnityNetworking.Utilities.Culling.Editor", "PhotonUnityNetworking.Utilities.Culling.Editor.csproj", "{CF807AE3-FE5C-FE85-D709-9AD29355976B}"
EndProject
Project("{FAE04EC0-301F-11D3-BF4B-00C04F79EFBC}") = "PunDemos.DemoHubEditor", "PunDemos.DemoHubEditor.csproj", "{49B74312-DDFE-C1E4-6012-257B8C83EFA3}"
EndProject
Global
	GlobalSection(SolutionConfigurationPlatforms) = preSolution
		Debug|Any CPU = Debug|Any CPU
		Release|Any CPU = Release|Any CPU
	EndGlobalSection
	GlobalSection(ProjectConfigurationPlatforms) = postSolution
		{572D96E5-2316-3631-961C-1C71139A9FD2}.Debug|Any CPU.ActiveCfg = Debug|Any CPU
		{572D96E5-2316-3631-961C-1C71139A9FD2}.Debug|Any CPU.Build.0 = Debug|Any CPU
		{572D96E5-2316-3631-961C-1C71139A9FD2}.Release|Any CPU.ActiveCfg = Release|Any CPU
		{572D96E5-2316-3631-961C-1C71139A9FD2}.Release|Any CPU.Build.0 = Release|Any CPU
		{333DB763-B76E-9497-48D2-37CBF08D442E}.Debug|Any CPU.ActiveCfg = Debug|Any CPU
		{333DB763-B76E-9497-48D2-37CBF08D442E}.Debug|Any CPU.Build.0 = Debug|Any CPU
		{333DB763-B76E-9497-48D2-37CBF08D442E}.Release|Any CPU.ActiveCfg = Release|Any CPU
		{333DB763-B76E-9497-48D2-37CBF08D442E}.Release|Any CPU.Build.0 = Release|Any CPU
		{E71120FE-7B14-004C-9088-C28B318856F1}.Debug|Any CPU.ActiveCfg = Debug|Any CPU
		{E71120FE-7B14-004C-9088-C28B318856F1}.Debug|Any CPU.Build.0 = Debug|Any CPU
		{E71120FE-7B14-004C-9088-C28B318856F1}.Release|Any CPU.ActiveCfg = Release|Any CPU
		{E71120FE-7B14-004C-9088-C28B318856F1}.Release|Any CPU.Build.0 = Release|Any CPU
		{719172CA-6453-F9FB-3922-B46682581E23}.Debug|Any CPU.ActiveCfg = Debug|Any CPU
		{719172CA-6453-F9FB-3922-B46682581E23}.Debug|Any CPU.Build.0 = Debug|Any CPU
		{719172CA-6453-F9FB-3922-B46682581E23}.Release|Any CPU.ActiveCfg = Release|Any CPU
		{719172CA-6453-F9FB-3922-B46682581E23}.Release|Any CPU.Build.0 = Release|Any CPU
		{96372D1C-E6FF-7CF2-151D-A60192BA3EEF}.Debug|Any CPU.ActiveCfg = Debug|Any CPU
		{96372D1C-E6FF-7CF2-151D-A60192BA3EEF}.Debug|Any CPU.Build.0 = Debug|Any CPU
		{96372D1C-E6FF-7CF2-151D-A60192BA3EEF}.Release|Any CPU.ActiveCfg = Release|Any CPU
		{96372D1C-E6FF-7CF2-151D-A60192BA3EEF}.Release|Any CPU.Build.0 = Release|Any CPU
		{24DA2922-F974-CCE0-B4C4-CAC57153FF06}.Debug|Any CPU.ActiveCfg = Debug|Any CPU
		{24DA2922-F974-CCE0-B4C4-CAC57153FF06}.Debug|Any CPU.Build.0 = Debug|Any CPU
		{24DA2922-F974-CCE0-B4C4-CAC57153FF06}.Release|Any CPU.ActiveCfg = Release|Any CPU
		{24DA2922-F974-CCE0-B4C4-CAC57153FF06}.Release|Any CPU.Build.0 = Release|Any CPU
		{5A219EBF-803E-BF4B-D8E6-203CCD4986A5}.Debug|Any CPU.ActiveCfg = Debug|Any CPU
		{5A219EBF-803E-BF4B-D8E6-203CCD4986A5}.Debug|Any CPU.Build.0 = Debug|Any CPU
		{5A219EBF-803E-BF4B-D8E6-203CCD4986A5}.Release|Any CPU.ActiveCfg = Release|Any CPU
		{5A219EBF-803E-BF4B-D8E6-203CCD4986A5}.Release|Any CPU.Build.0 = Release|Any CPU
		{40577977-C144-39AA-4C67-28D443E3132E}.Debug|Any CPU.ActiveCfg = Debug|Any CPU
		{40577977-C144-39AA-4C67-28D443E3132E}.Debug|Any CPU.Build.0 = Debug|Any CPU
		{40577977-C144-39AA-4C67-28D443E3132E}.Release|Any CPU.ActiveCfg = Release|Any CPU
		{40577977-C144-39AA-4C67-28D443E3132E}.Release|Any CPU.Build.0 = Release|Any CPU
		{7A93199E-5440-4EB7-1C37-2FD510BB7E70}.Debug|Any CPU.ActiveCfg = Debug|Any CPU
		{7A93199E-5440-4EB7-1C37-2FD510BB7E70}.Debug|Any CPU.Build.0 = Debug|Any CPU
		{7A93199E-5440-4EB7-1C37-2FD510BB7E70}.Release|Any CPU.ActiveCfg = Release|Any CPU
		{7A93199E-5440-4EB7-1C37-2FD510BB7E70}.Release|Any CPU.Build.0 = Release|Any CPU
		{7CE10BF5-C4BF-6164-F5A0-012728E85BF0}.Debug|Any CPU.ActiveCfg = Debug|Any CPU
		{7CE10BF5-C4BF-6164-F5A0-012728E85BF0}.Debug|Any CPU.Build.0 = Debug|Any CPU
		{7CE10BF5-C4BF-6164-F5A0-012728E85BF0}.Release|Any CPU.ActiveCfg = Release|Any CPU
		{7CE10BF5-C4BF-6164-F5A0-012728E85BF0}.Release|Any CPU.Build.0 = Release|Any CPU
		{CF807AE3-FE5C-FE85-D709-9AD29355976B}.Debug|Any CPU.ActiveCfg = Debug|Any CPU
		{CF807AE3-FE5C-FE85-D709-9AD29355976B}.Debug|Any CPU.Build.0 = Debug|Any CPU
		{CF807AE3-FE5C-FE85-D709-9AD29355976B}.Release|Any CPU.ActiveCfg = Release|Any CPU
		{CF807AE3-FE5C-FE85-D709-9AD29355976B}.Release|Any CPU.Build.0 = Release|Any CPU
		{49B74312-DDFE-C1E4-6012-257B8C83EFA3}.Debug|Any CPU.ActiveCfg = Debug|Any CPU
		{49B74312-DDFE-C1E4-6012-257B8C83EFA3}.Debug|Any CPU.Build.0 = Debug|Any CPU
		{49B74312-DDFE-C1E4-6012-257B8C83EFA3}.Release|Any CPU.ActiveCfg = Release|Any CPU
		{49B74312-DDFE-C1E4-6012-257B8C83EFA3}.Release|Any CPU.Build.0 = Release|Any CPU
	EndGlobalSection
	GlobalSection(SolutionProperties) = preSolution
		HideSolutionNode = FALSE
	EndGlobalSection
EndGlobal
